// !$*UTF8*$!
{
	archiveVersion = 1;
	classes = {
	};
	objectVersion = 55;
	objects = {

/* Begin PBXBuildFile section */
		04D23E1327DB43D90019B13C /* AppDelegate.swift in Sources */ = {isa = PBXBuildFile; fileRef = 04D23E1227DB43D90019B13C /* AppDelegate.swift */; };
		04D23E1527DB43D90019B13C /* SceneDelegate.swift in Sources */ = {isa = PBXBuildFile; fileRef = 04D23E1427DB43D90019B13C /* SceneDelegate.swift */; };
		04D23E1727DB43D90019B13C /* MainViewController.swift in Sources */ = {isa = PBXBuildFile; fileRef = 04D23E1627DB43D90019B13C /* MainViewController.swift */; };
		04D23E1C27DB43DB0019B13C /* Assets.xcassets in Resources */ = {isa = PBXBuildFile; fileRef = 04D23E1B27DB43DB0019B13C /* Assets.xcassets */; };
		04D23E1F27DB43DB0019B13C /* LaunchScreen.storyboard in Resources */ = {isa = PBXBuildFile; fileRef = 04D23E1D27DB43DB0019B13C /* LaunchScreen.storyboard */; };
		04D23E2A27DB43DB0019B13C /* Color_Picker_ProtoTypeTests.swift in Sources */ = {isa = PBXBuildFile; fileRef = 04D23E2927DB43DB0019B13C /* Color_Picker_ProtoTypeTests.swift */; };
		04D23E3427DB43DB0019B13C /* Color_Picker_ProtoTypeUITests.swift in Sources */ = {isa = PBXBuildFile; fileRef = 04D23E3327DB43DB0019B13C /* Color_Picker_ProtoTypeUITests.swift */; };
		04D23E3627DB43DB0019B13C /* Color_Picker_ProtoTypeUITestsLaunchTests.swift in Sources */ = {isa = PBXBuildFile; fileRef = 04D23E3527DB43DB0019B13C /* Color_Picker_ProtoTypeUITestsLaunchTests.swift */; };
		04D23E4327DB46470019B13C /* MainView.swift in Sources */ = {isa = PBXBuildFile; fileRef = 04D23E4227DB46470019B13C /* MainView.swift */; };
		04D23E4527DB46630019B13C /* ColorSet.swift in Sources */ = {isa = PBXBuildFile; fileRef = 04D23E4427DB46630019B13C /* ColorSet.swift */; };
		04D23E4927DB49B90019B13C /* BaseViewRepresentable.swift in Sources */ = {isa = PBXBuildFile; fileRef = 04D23E4827DB49B90019B13C /* BaseViewRepresentable.swift */; };
		04D23E4B27DB4B220019B13C /* SubViewController.swift in Sources */ = {isa = PBXBuildFile; fileRef = 04D23E4A27DB4B220019B13C /* SubViewController.swift */; };
		04D23E4D27DB4B2A0019B13C /* SubView.swift in Sources */ = {isa = PBXBuildFile; fileRef = 04D23E4C27DB4B2A0019B13C /* SubView.swift */; };
		04D23E4F27DB4B320019B13C /* ViewModel.swift in Sources */ = {isa = PBXBuildFile; fileRef = 04D23E4E27DB4B320019B13C /* ViewModel.swift */; };
		04D23E5127DB4DCA0019B13C /* FontSet.swift in Sources */ = {isa = PBXBuildFile; fileRef = 04D23E5027DB4DCA0019B13C /* FontSet.swift */; };
		04D23E5927DB4ED20019B13C /* NotoSansKR-Bold.otf in Resources */ = {isa = PBXBuildFile; fileRef = 04D23E5327DB4ED20019B13C /* NotoSansKR-Bold.otf */; };
		04D23E5A27DB4ED20019B13C /* NotoSansKR-Medium.otf in Resources */ = {isa = PBXBuildFile; fileRef = 04D23E5427DB4ED20019B13C /* NotoSansKR-Medium.otf */; };
		04D23E5B27DB4ED20019B13C /* NotoSansKR-Regular.otf in Resources */ = {isa = PBXBuildFile; fileRef = 04D23E5527DB4ED20019B13C /* NotoSansKR-Regular.otf */; };
		04D23E5C27DB4ED20019B13C /* NotoSansKR-Thin.otf in Resources */ = {isa = PBXBuildFile; fileRef = 04D23E5627DB4ED20019B13C /* NotoSansKR-Thin.otf */; };
		04D23E5D27DB4ED20019B13C /* NotoSansKR-Light.otf in Resources */ = {isa = PBXBuildFile; fileRef = 04D23E5727DB4ED20019B13C /* NotoSansKR-Light.otf */; };
		04D23E5E27DB4ED20019B13C /* NotoSansKR-Black.otf in Resources */ = {isa = PBXBuildFile; fileRef = 04D23E5827DB4ED20019B13C /* NotoSansKR-Black.otf */; };
		04D23E6127DB4FF80019B13C /* SnapKit in Frameworks */ = {isa = PBXBuildFile; productRef = 04D23E6027DB4FF80019B13C /* SnapKit */; };
		04D23E6627E4717C0019B13C /* Observerble.swift in Sources */ = {isa = PBXBuildFile; fileRef = 04D23E6527E4717C0019B13C /* Observerble.swift */; };
		04D23E6827E47E1A0019B13C /* ColorSetting + Protocole.swift in Sources */ = {isa = PBXBuildFile; fileRef = 04D23E6727E47E1A0019B13C /* ColorSetting + Protocole.swift */; };
/* End PBXBuildFile section */

/* Begin PBXContainerItemProxy section */
		04D23E2627DB43DB0019B13C /* PBXContainerItemProxy */ = {
			isa = PBXContainerItemProxy;
			containerPortal = 04D23E0727DB43D90019B13C /* Project object */;
			proxyType = 1;
			remoteGlobalIDString = 04D23E0E27DB43D90019B13C;
			remoteInfo = "Color-Picker-ProtoType";
		};
		04D23E3027DB43DB0019B13C /* PBXContainerItemProxy */ = {
			isa = PBXContainerItemProxy;
			containerPortal = 04D23E0727DB43D90019B13C /* Project object */;
			proxyType = 1;
			remoteGlobalIDString = 04D23E0E27DB43D90019B13C;
			remoteInfo = "Color-Picker-ProtoType";
		};
/* End PBXContainerItemProxy section */

/* Begin PBXFileReference section */
		04D23E0F27DB43D90019B13C /* Color-Picker-ProtoType.app */ = {isa = PBXFileReference; explicitFileType = wrapper.application; includeInIndex = 0; path = "Color-Picker-ProtoType.app"; sourceTree = BUILT_PRODUCTS_DIR; };
		04D23E1227DB43D90019B13C /* AppDelegate.swift */ = {isa = PBXFileReference; lastKnownFileType = sourcecode.swift; path = AppDelegate.swift; sourceTree = "<group>"; };
		04D23E1427DB43D90019B13C /* SceneDelegate.swift */ = {isa = PBXFileReference; lastKnownFileType = sourcecode.swift; path = SceneDelegate.swift; sourceTree = "<group>"; };
		04D23E1627DB43D90019B13C /* MainViewController.swift */ = {isa = PBXFileReference; lastKnownFileType = sourcecode.swift; path = MainViewController.swift; sourceTree = "<group>"; };
		04D23E1B27DB43DB0019B13C /* Assets.xcassets */ = {isa = PBXFileReference; lastKnownFileType = folder.assetcatalog; path = Assets.xcassets; sourceTree = "<group>"; };
		04D23E1E27DB43DB0019B13C /* Base */ = {isa = PBXFileReference; lastKnownFileType = file.storyboard; name = Base; path = Base.lproj/LaunchScreen.storyboard; sourceTree = "<group>"; };
		04D23E2027DB43DB0019B13C /* Info.plist */ = {isa = PBXFileReference; lastKnownFileType = text.plist.xml; path = Info.plist; sourceTree = "<group>"; };
		04D23E2527DB43DB0019B13C /* Color-Picker-ProtoTypeTests.xctest */ = {isa = PBXFileReference; explicitFileType = wrapper.cfbundle; includeInIndex = 0; path = "Color-Picker-ProtoTypeTests.xctest"; sourceTree = BUILT_PRODUCTS_DIR; };
		04D23E2927DB43DB0019B13C /* Color_Picker_ProtoTypeTests.swift */ = {isa = PBXFileReference; lastKnownFileType = sourcecode.swift; path = Color_Picker_ProtoTypeTests.swift; sourceTree = "<group>"; };
		04D23E2F27DB43DB0019B13C /* Color-Picker-ProtoTypeUITests.xctest */ = {isa = PBXFileReference; explicitFileType = wrapper.cfbundle; includeInIndex = 0; path = "Color-Picker-ProtoTypeUITests.xctest"; sourceTree = BUILT_PRODUCTS_DIR; };
		04D23E3327DB43DB0019B13C /* Color_Picker_ProtoTypeUITests.swift */ = {isa = PBXFileReference; lastKnownFileType = sourcecode.swift; path = Color_Picker_ProtoTypeUITests.swift; sourceTree = "<group>"; };
		04D23E3527DB43DB0019B13C /* Color_Picker_ProtoTypeUITestsLaunchTests.swift */ = {isa = PBXFileReference; lastKnownFileType = sourcecode.swift; path = Color_Picker_ProtoTypeUITestsLaunchTests.swift; sourceTree = "<group>"; };
		04D23E4227DB46470019B13C /* MainView.swift */ = {isa = PBXFileReference; lastKnownFileType = sourcecode.swift; path = MainView.swift; sourceTree = "<group>"; };
		04D23E4427DB46630019B13C /* ColorSet.swift */ = {isa = PBXFileReference; lastKnownFileType = sourcecode.swift; path = ColorSet.swift; sourceTree = "<group>"; };
		04D23E4827DB49B90019B13C /* BaseViewRepresentable.swift */ = {isa = PBXFileReference; lastKnownFileType = sourcecode.swift; path = BaseViewRepresentable.swift; sourceTree = "<group>"; };
		04D23E4A27DB4B220019B13C /* SubViewController.swift */ = {isa = PBXFileReference; lastKnownFileType = sourcecode.swift; path = SubViewController.swift; sourceTree = "<group>"; };
		04D23E4C27DB4B2A0019B13C /* SubView.swift */ = {isa = PBXFileReference; lastKnownFileType = sourcecode.swift; path = SubView.swift; sourceTree = "<group>"; };
		04D23E4E27DB4B320019B13C /* ViewModel.swift */ = {isa = PBXFileReference; lastKnownFileType = sourcecode.swift; path = ViewModel.swift; sourceTree = "<group>"; };
		04D23E5027DB4DCA0019B13C /* FontSet.swift */ = {isa = PBXFileReference; lastKnownFileType = sourcecode.swift; path = FontSet.swift; sourceTree = "<group>"; };
		04D23E5327DB4ED20019B13C /* NotoSansKR-Bold.otf */ = {isa = PBXFileReference; lastKnownFileType = file; name = "NotoSansKR-Bold.otf"; path = "../../../../권오현/폰트/Noto_Sans_KR 복사본/NotoSansKR-Bold.otf"; sourceTree = "<group>"; };
		04D23E5427DB4ED20019B13C /* NotoSansKR-Medium.otf */ = {isa = PBXFileReference; lastKnownFileType = file; name = "NotoSansKR-Medium.otf"; path = "../../../../권오현/폰트/Noto_Sans_KR 복사본/NotoSansKR-Medium.otf"; sourceTree = "<group>"; };
		04D23E5527DB4ED20019B13C /* NotoSansKR-Regular.otf */ = {isa = PBXFileReference; lastKnownFileType = file; name = "NotoSansKR-Regular.otf"; path = "../../../../권오현/폰트/Noto_Sans_KR 복사본/NotoSansKR-Regular.otf"; sourceTree = "<group>"; };
		04D23E5627DB4ED20019B13C /* NotoSansKR-Thin.otf */ = {isa = PBXFileReference; lastKnownFileType = file; name = "NotoSansKR-Thin.otf"; path = "../../../../권오현/폰트/Noto_Sans_KR 복사본/NotoSansKR-Thin.otf"; sourceTree = "<group>"; };
		04D23E5727DB4ED20019B13C /* NotoSansKR-Light.otf */ = {isa = PBXFileReference; lastKnownFileType = file; name = "NotoSansKR-Light.otf"; path = "../../../../권오현/폰트/Noto_Sans_KR 복사본/NotoSansKR-Light.otf"; sourceTree = "<group>"; };
		04D23E5827DB4ED20019B13C /* NotoSansKR-Black.otf */ = {isa = PBXFileReference; lastKnownFileType = file; name = "NotoSansKR-Black.otf"; path = "../../../../권오현/폰트/Noto_Sans_KR 복사본/NotoSansKR-Black.otf"; sourceTree = "<group>"; };
		04D23E6527E4717C0019B13C /* Observerble.swift */ = {isa = PBXFileReference; lastKnownFileType = sourcecode.swift; path = Observerble.swift; sourceTree = "<group>"; };
		04D23E6727E47E1A0019B13C /* ColorSetting + Protocole.swift */ = {isa = PBXFileReference; lastKnownFileType = sourcecode.swift; path = "ColorSetting + Protocole.swift"; sourceTree = "<group>"; };
/* End PBXFileReference section */

/* Begin PBXFrameworksBuildPhase section */
		04D23E0C27DB43D90019B13C /* Frameworks */ = {
			isa = PBXFrameworksBuildPhase;
			buildActionMask = 2147483647;
			files = (
				04D23E6127DB4FF80019B13C /* SnapKit in Frameworks */,
			);
			runOnlyForDeploymentPostprocessing = 0;
		};
		04D23E2227DB43DB0019B13C /* Frameworks */ = {
			isa = PBXFrameworksBuildPhase;
			buildActionMask = 2147483647;
			files = (
			);
			runOnlyForDeploymentPostprocessing = 0;
		};
		04D23E2C27DB43DB0019B13C /* Frameworks */ = {
			isa = PBXFrameworksBuildPhase;
			buildActionMask = 2147483647;
			files = (
			);
			runOnlyForDeploymentPostprocessing = 0;
		};
/* End PBXFrameworksBuildPhase section */

/* Begin PBXGroup section */
		04D23E0627DB43D90019B13C = {
			isa = PBXGroup;
			children = (
				04D23E1127DB43D90019B13C /* Color-Picker-ProtoType */,
				04D23E2827DB43DB0019B13C /* Color-Picker-ProtoTypeTests */,
				04D23E3227DB43DB0019B13C /* Color-Picker-ProtoTypeUITests */,
				04D23E1027DB43D90019B13C /* Products */,
			);
			sourceTree = "<group>";
		};
		04D23E1027DB43D90019B13C /* Products */ = {
			isa = PBXGroup;
			children = (
				04D23E0F27DB43D90019B13C /* Color-Picker-ProtoType.app */,
				04D23E2527DB43DB0019B13C /* Color-Picker-ProtoTypeTests.xctest */,
				04D23E2F27DB43DB0019B13C /* Color-Picker-ProtoTypeUITests.xctest */,
			);
			name = Products;
			sourceTree = "<group>";
		};
		04D23E1127DB43D90019B13C /* Color-Picker-ProtoType */ = {
			isa = PBXGroup;
			children = (
				04D23E6427DB528D0019B13C /* Protocol + Extension */,
				04D23E6227DB526E0019B13C /* Main */,
				04D23E6327DB52740019B13C /* Sub */,
				04D23E5227DB4E660019B13C /* Font */,
				04D23E1227DB43D90019B13C /* AppDelegate.swift */,
				04D23E1427DB43D90019B13C /* SceneDelegate.swift */,
				04D23E1B27DB43DB0019B13C /* Assets.xcassets */,
				04D23E1D27DB43DB0019B13C /* LaunchScreen.storyboard */,
				04D23E2027DB43DB0019B13C /* Info.plist */,
			);
			path = "Color-Picker-ProtoType";
			sourceTree = "<group>";
		};
		04D23E2827DB43DB0019B13C /* Color-Picker-ProtoTypeTests */ = {
			isa = PBXGroup;
			children = (
				04D23E2927DB43DB0019B13C /* Color_Picker_ProtoTypeTests.swift */,
			);
			path = "Color-Picker-ProtoTypeTests";
			sourceTree = "<group>";
		};
		04D23E3227DB43DB0019B13C /* Color-Picker-ProtoTypeUITests */ = {
			isa = PBXGroup;
			children = (
				04D23E3327DB43DB0019B13C /* Color_Picker_ProtoTypeUITests.swift */,
				04D23E3527DB43DB0019B13C /* Color_Picker_ProtoTypeUITestsLaunchTests.swift */,
			);
			path = "Color-Picker-ProtoTypeUITests";
			sourceTree = "<group>";
		};
		04D23E5227DB4E660019B13C /* Font */ = {
			isa = PBXGroup;
			children = (
				04D23E5827DB4ED20019B13C /* NotoSansKR-Black.otf */,
				04D23E5327DB4ED20019B13C /* NotoSansKR-Bold.otf */,
				04D23E5727DB4ED20019B13C /* NotoSansKR-Light.otf */,
				04D23E5427DB4ED20019B13C /* NotoSansKR-Medium.otf */,
				04D23E5527DB4ED20019B13C /* NotoSansKR-Regular.otf */,
				04D23E5627DB4ED20019B13C /* NotoSansKR-Thin.otf */,
			);
			path = Font;
			sourceTree = "<group>";
		};
		04D23E6227DB526E0019B13C /* Main */ = {
			isa = PBXGroup;
			children = (
				04D23E1627DB43D90019B13C /* MainViewController.swift */,
				04D23E4E27DB4B320019B13C /* ViewModel.swift */,
				04D23E4227DB46470019B13C /* MainView.swift */,
			);
			path = Main;
			sourceTree = "<group>";
		};
		04D23E6327DB52740019B13C /* Sub */ = {
			isa = PBXGroup;
			children = (
				04D23E4A27DB4B220019B13C /* SubViewController.swift */,
				04D23E4C27DB4B2A0019B13C /* SubView.swift */,
			);
			path = Sub;
			sourceTree = "<group>";
		};
		04D23E6427DB528D0019B13C /* Protocol + Extension */ = {
			isa = PBXGroup;
			children = (
				04D23E4827DB49B90019B13C /* BaseViewRepresentable.swift */,
				04D23E4427DB46630019B13C /* ColorSet.swift */,
				04D23E5027DB4DCA0019B13C /* FontSet.swift */,
				04D23E6527E4717C0019B13C /* Observerble.swift */,
				04D23E6727E47E1A0019B13C /* ColorSetting + Protocole.swift */,
			);
			path = "Protocol + Extension";
			sourceTree = "<group>";
		};
/* End PBXGroup section */

/* Begin PBXNativeTarget section */
		04D23E0E27DB43D90019B13C /* Color-Picker-ProtoType */ = {
			isa = PBXNativeTarget;
			buildConfigurationList = 04D23E3927DB43DC0019B13C /* Build configuration list for PBXNativeTarget "Color-Picker-ProtoType" */;
			buildPhases = (
				04D23E0B27DB43D90019B13C /* Sources */,
				04D23E0C27DB43D90019B13C /* Frameworks */,
				04D23E0D27DB43D90019B13C /* Resources */,
			);
			buildRules = (
			);
			dependencies = (
			);
			name = "Color-Picker-ProtoType";
			packageProductDependencies = (
				04D23E6027DB4FF80019B13C /* SnapKit */,
			);
			productName = "Color-Picker-ProtoType";
			productReference = 04D23E0F27DB43D90019B13C /* Color-Picker-ProtoType.app */;
			productType = "com.apple.product-type.application";
		};
		04D23E2427DB43DB0019B13C /* Color-Picker-ProtoTypeTests */ = {
			isa = PBXNativeTarget;
			buildConfigurationList = 04D23E3C27DB43DC0019B13C /* Build configuration list for PBXNativeTarget "Color-Picker-ProtoTypeTests" */;
			buildPhases = (
				04D23E2127DB43DB0019B13C /* Sources */,
				04D23E2227DB43DB0019B13C /* Frameworks */,
				04D23E2327DB43DB0019B13C /* Resources */,
			);
			buildRules = (
			);
			dependencies = (
				04D23E2727DB43DB0019B13C /* PBXTargetDependency */,
			);
			name = "Color-Picker-ProtoTypeTests";
			productName = "Color-Picker-ProtoTypeTests";
			productReference = 04D23E2527DB43DB0019B13C /* Color-Picker-ProtoTypeTests.xctest */;
			productType = "com.apple.product-type.bundle.unit-test";
		};
		04D23E2E27DB43DB0019B13C /* Color-Picker-ProtoTypeUITests */ = {
			isa = PBXNativeTarget;
			buildConfigurationList = 04D23E3F27DB43DC0019B13C /* Build configuration list for PBXNativeTarget "Color-Picker-ProtoTypeUITests" */;
			buildPhases = (
				04D23E2B27DB43DB0019B13C /* Sources */,
				04D23E2C27DB43DB0019B13C /* Frameworks */,
				04D23E2D27DB43DB0019B13C /* Resources */,
			);
			buildRules = (
			);
			dependencies = (
				04D23E3127DB43DB0019B13C /* PBXTargetDependency */,
			);
			name = "Color-Picker-ProtoTypeUITests";
			productName = "Color-Picker-ProtoTypeUITests";
			productReference = 04D23E2F27DB43DB0019B13C /* Color-Picker-ProtoTypeUITests.xctest */;
			productType = "com.apple.product-type.bundle.ui-testing";
		};
/* End PBXNativeTarget section */

/* Begin PBXProject section */
		04D23E0727DB43D90019B13C /* Project object */ = {
			isa = PBXProject;
			attributes = {
				BuildIndependentTargetsInParallel = 1;
				LastSwiftUpdateCheck = 1320;
				LastUpgradeCheck = 1320;
				TargetAttributes = {
					04D23E0E27DB43D90019B13C = {
						CreatedOnToolsVersion = 13.2.1;
					};
					04D23E2427DB43DB0019B13C = {
						CreatedOnToolsVersion = 13.2.1;
						TestTargetID = 04D23E0E27DB43D90019B13C;
					};
					04D23E2E27DB43DB0019B13C = {
						CreatedOnToolsVersion = 13.2.1;
						TestTargetID = 04D23E0E27DB43D90019B13C;
					};
				};
			};
			buildConfigurationList = 04D23E0A27DB43D90019B13C /* Build configuration list for PBXProject "Color-Picker-ProtoType" */;
			compatibilityVersion = "Xcode 13.0";
			developmentRegion = en;
			hasScannedForEncodings = 0;
			knownRegions = (
				en,
				Base,
			);
			mainGroup = 04D23E0627DB43D90019B13C;
			packageReferences = (
				04D23E5F27DB4FF80019B13C /* XCRemoteSwiftPackageReference "SnapKit" */,
			);
			productRefGroup = 04D23E1027DB43D90019B13C /* Products */;
			projectDirPath = "";
			projectRoot = "";
			targets = (
				04D23E0E27DB43D90019B13C /* Color-Picker-ProtoType */,
				04D23E2427DB43DB0019B13C /* Color-Picker-ProtoTypeTests */,
				04D23E2E27DB43DB0019B13C /* Color-Picker-ProtoTypeUITests */,
			);
		};
/* End PBXProject section */

/* Begin PBXResourcesBuildPhase section */
		04D23E0D27DB43D90019B13C /* Resources */ = {
			isa = PBXResourcesBuildPhase;
			buildActionMask = 2147483647;
			files = (
				04D23E5C27DB4ED20019B13C /* NotoSansKR-Thin.otf in Resources */,
				04D23E5A27DB4ED20019B13C /* NotoSansKR-Medium.otf in Resources */,
				04D23E5D27DB4ED20019B13C /* NotoSansKR-Light.otf in Resources */,
				04D23E1F27DB43DB0019B13C /* LaunchScreen.storyboard in Resources */,
				04D23E5927DB4ED20019B13C /* NotoSansKR-Bold.otf in Resources */,
				04D23E1C27DB43DB0019B13C /* Assets.xcassets in Resources */,
				04D23E5B27DB4ED20019B13C /* NotoSansKR-Regular.otf in Resources */,
				04D23E5E27DB4ED20019B13C /* NotoSansKR-Black.otf in Resources */,
			);
			runOnlyForDeploymentPostprocessing = 0;
		};
		04D23E2327DB43DB0019B13C /* Resources */ = {
			isa = PBXResourcesBuildPhase;
			buildActionMask = 2147483647;
			files = (
			);
			runOnlyForDeploymentPostprocessing = 0;
		};
		04D23E2D27DB43DB0019B13C /* Resources */ = {
			isa = PBXResourcesBuildPhase;
			buildActionMask = 2147483647;
			files = (
			);
			runOnlyForDeploymentPostprocessing = 0;
		};
/* End PBXResourcesBuildPhase section */

/* Begin PBXSourcesBuildPhase section */
		04D23E0B27DB43D90019B13C /* Sources */ = {
			isa = PBXSourcesBuildPhase;
			buildActionMask = 2147483647;
			files = (
				04D23E4327DB46470019B13C /* MainView.swift in Sources */,
				04D23E1727DB43D90019B13C /* MainViewController.swift in Sources */,
				04D23E6827E47E1A0019B13C /* ColorSetting + Protocole.swift in Sources */,
				04D23E1327DB43D90019B13C /* AppDelegate.swift in Sources */,
				04D23E4B27DB4B220019B13C /* SubViewController.swift in Sources */,
				04D23E5127DB4DCA0019B13C /* FontSet.swift in Sources */,
				04D23E1527DB43D90019B13C /* SceneDelegate.swift in Sources */,
				04D23E4F27DB4B320019B13C /* ViewModel.swift in Sources */,
				04D23E6627E4717C0019B13C /* Observerble.swift in Sources */,
				04D23E4927DB49B90019B13C /* BaseViewRepresentable.swift in Sources */,
				04D23E4D27DB4B2A0019B13C /* SubView.swift in Sources */,
				04D23E4527DB46630019B13C /* ColorSet.swift in Sources */,
			);
			runOnlyForDeploymentPostprocessing = 0;
		};
		04D23E2127DB43DB0019B13C /* Sources */ = {
			isa = PBXSourcesBuildPhase;
			buildActionMask = 2147483647;
			files = (
				04D23E2A27DB43DB0019B13C /* Color_Picker_ProtoTypeTests.swift in Sources */,
			);
			runOnlyForDeploymentPostprocessing = 0;
		};
		04D23E2B27DB43DB0019B13C /* Sources */ = {
			isa = PBXSourcesBuildPhase;
			buildActionMask = 2147483647;
			files = (
				04D23E3427DB43DB0019B13C /* Color_Picker_ProtoTypeUITests.swift in Sources */,
				04D23E3627DB43DB0019B13C /* Color_Picker_ProtoTypeUITestsLaunchTests.swift in Sources */,
			);
			runOnlyForDeploymentPostprocessing = 0;
		};
/* End PBXSourcesBuildPhase section */

/* Begin PBXTargetDependency section */
		04D23E2727DB43DB0019B13C /* PBXTargetDependency */ = {
			isa = PBXTargetDependency;
			target = 04D23E0E27DB43D90019B13C /* Color-Picker-ProtoType */;
			targetProxy = 04D23E2627DB43DB0019B13C /* PBXContainerItemProxy */;
		};
		04D23E3127DB43DB0019B13C /* PBXTargetDependency */ = {
			isa = PBXTargetDependency;
			target = 04D23E0E27DB43D90019B13C /* Color-Picker-ProtoType */;
			targetProxy = 04D23E3027DB43DB0019B13C /* PBXContainerItemProxy */;
		};
/* End PBXTargetDependency section */

/* Begin PBXVariantGroup section */
		04D23E1D27DB43DB0019B13C /* LaunchScreen.storyboard */ = {
			isa = PBXVariantGroup;
			children = (
				04D23E1E27DB43DB0019B13C /* Base */,
			);
			name = LaunchScreen.storyboard;
			sourceTree = "<group>";
		};
/* End PBXVariantGroup section */

/* Begin XCBuildConfiguration section */
		04D23E3727DB43DC0019B13C /* Debug */ = {
			isa = XCBuildConfiguration;
			buildSettings = {
				ALWAYS_SEARCH_USER_PATHS = NO;
				CLANG_ANALYZER_NONNULL = YES;
				CLANG_ANALYZER_NUMBER_OBJECT_CONVERSION = YES_AGGRESSIVE;
				CLANG_CXX_LANGUAGE_STANDARD = "gnu++17";
				CLANG_CXX_LIBRARY = "libc++";
				CLANG_ENABLE_MODULES = YES;
				CLANG_ENABLE_OBJC_ARC = YES;
				CLANG_ENABLE_OBJC_WEAK = YES;
				CLANG_WARN_BLOCK_CAPTURE_AUTORELEASING = YES;
				CLANG_WARN_BOOL_CONVERSION = YES;
				CLANG_WARN_COMMA = YES;
				CLANG_WARN_CONSTANT_CONVERSION = YES;
				CLANG_WARN_DEPRECATED_OBJC_IMPLEMENTATIONS = YES;
				CLANG_WARN_DIRECT_OBJC_ISA_USAGE = YES_ERROR;
				CLANG_WARN_DOCUMENTATION_COMMENTS = YES;
				CLANG_WARN_EMPTY_BODY = YES;
				CLANG_WARN_ENUM_CONVERSION = YES;
				CLANG_WARN_INFINITE_RECURSION = YES;
				CLANG_WARN_INT_CONVERSION = YES;
				CLANG_WARN_NON_LITERAL_NULL_CONVERSION = YES;
				CLANG_WARN_OBJC_IMPLICIT_RETAIN_SELF = YES;
				CLANG_WARN_OBJC_LITERAL_CONVERSION = YES;
				CLANG_WARN_OBJC_ROOT_CLASS = YES_ERROR;
				CLANG_WARN_QUOTED_INCLUDE_IN_FRAMEWORK_HEADER = YES;
				CLANG_WARN_RANGE_LOOP_ANALYSIS = YES;
				CLANG_WARN_STRICT_PROTOTYPES = YES;
				CLANG_WARN_SUSPICIOUS_MOVE = YES;
				CLANG_WARN_UNGUARDED_AVAILABILITY = YES_AGGRESSIVE;
				CLANG_WARN_UNREACHABLE_CODE = YES;
				CLANG_WARN__DUPLICATE_METHOD_MATCH = YES;
				COPY_PHASE_STRIP = NO;
				DEBUG_INFORMATION_FORMAT = dwarf;
				ENABLE_STRICT_OBJC_MSGSEND = YES;
				ENABLE_TESTABILITY = YES;
				GCC_C_LANGUAGE_STANDARD = gnu11;
				GCC_DYNAMIC_NO_PIC = NO;
				GCC_NO_COMMON_BLOCKS = YES;
				GCC_OPTIMIZATION_LEVEL = 0;
				GCC_PREPROCESSOR_DEFINITIONS = (
					"DEBUG=1",
					"$(inherited)",
				);
				GCC_WARN_64_TO_32_BIT_CONVERSION = YES;
				GCC_WARN_ABOUT_RETURN_TYPE = YES_ERROR;
				GCC_WARN_UNDECLARED_SELECTOR = YES;
				GCC_WARN_UNINITIALIZED_AUTOS = YES_AGGRESSIVE;
				GCC_WARN_UNUSED_FUNCTION = YES;
				GCC_WARN_UNUSED_VARIABLE = YES;
				IPHONEOS_DEPLOYMENT_TARGET = 15.2;
				MTL_ENABLE_DEBUG_INFO = INCLUDE_SOURCE;
				MTL_FAST_MATH = YES;
				ONLY_ACTIVE_ARCH = YES;
				SDKROOT = iphoneos;
				SWIFT_ACTIVE_COMPILATION_CONDITIONS = DEBUG;
				SWIFT_OPTIMIZATION_LEVEL = "-Onone";
			};
			name = Debug;
		};
		04D23E3827DB43DC0019B13C /* Release */ = {
			isa = XCBuildConfiguration;
			buildSettings = {
				ALWAYS_SEARCH_USER_PATHS = NO;
				CLANG_ANALYZER_NONNULL = YES;
				CLANG_ANALYZER_NUMBER_OBJECT_CONVERSION = YES_AGGRESSIVE;
				CLANG_CXX_LANGUAGE_STANDARD = "gnu++17";
				CLANG_CXX_LIBRARY = "libc++";
				CLANG_ENABLE_MODULES = YES;
				CLANG_ENABLE_OBJC_ARC = YES;
				CLANG_ENABLE_OBJC_WEAK = YES;
				CLANG_WARN_BLOCK_CAPTURE_AUTORELEASING = YES;
				CLANG_WARN_BOOL_CONVERSION = YES;
				CLANG_WARN_COMMA = YES;
				CLANG_WARN_CONSTANT_CONVERSION = YES;
				CLANG_WARN_DEPRECATED_OBJC_IMPLEMENTATIONS = YES;
				CLANG_WARN_DIRECT_OBJC_ISA_USAGE = YES_ERROR;
				CLANG_WARN_DOCUMENTATION_COMMENTS = YES;
				CLANG_WARN_EMPTY_BODY = YES;
				CLANG_WARN_ENUM_CONVERSION = YES;
				CLANG_WARN_INFINITE_RECURSION = YES;
				CLANG_WARN_INT_CONVERSION = YES;
				CLANG_WARN_NON_LITERAL_NULL_CONVERSION = YES;
				CLANG_WARN_OBJC_IMPLICIT_RETAIN_SELF = YES;
				CLANG_WARN_OBJC_LITERAL_CONVERSION = YES;
				CLANG_WARN_OBJC_ROOT_CLASS = YES_ERROR;
				CLANG_WARN_QUOTED_INCLUDE_IN_FRAMEWORK_HEADER = YES;
				CLANG_WARN_RANGE_LOOP_ANALYSIS = YES;
				CLANG_WARN_STRICT_PROTOTYPES = YES;
				CLANG_WARN_SUSPICIOUS_MOVE = YES;
				CLANG_WARN_UNGUARDED_AVAILABILITY = YES_AGGRESSIVE;
				CLANG_WARN_UNREACHABLE_CODE = YES;
				CLANG_WARN__DUPLICATE_METHOD_MATCH = YES;
				COPY_PHASE_STRIP = NO;
				DEBUG_INFORMATION_FORMAT = "dwarf-with-dsym";
				ENABLE_NS_ASSERTIONS = NO;
				ENABLE_STRICT_OBJC_MSGSEND = YES;
				GCC_C_LANGUAGE_STANDARD = gnu11;
				GCC_NO_COMMON_BLOCKS = YES;
				GCC_WARN_64_TO_32_BIT_CONVERSION = YES;
				GCC_WARN_ABOUT_RETURN_TYPE = YES_ERROR;
				GCC_WARN_UNDECLARED_SELECTOR = YES;
				GCC_WARN_UNINITIALIZED_AUTOS = YES_AGGRESSIVE;
				GCC_WARN_UNUSED_FUNCTION = YES;
				GCC_WARN_UNUSED_VARIABLE = YES;
				IPHONEOS_DEPLOYMENT_TARGET = 15.2;
				MTL_ENABLE_DEBUG_INFO = NO;
				MTL_FAST_MATH = YES;
				SDKROOT = iphoneos;
				SWIFT_COMPILATION_MODE = wholemodule;
				SWIFT_OPTIMIZATION_LEVEL = "-O";
				VALIDATE_PRODUCT = YES;
			};
			name = Release;
		};
		04D23E3A27DB43DC0019B13C /* Debug */ = {
			isa = XCBuildConfiguration;
			buildSettings = {
				ASSETCATALOG_COMPILER_APPICON_NAME = AppIcon;
				ASSETCATALOG_COMPILER_GLOBAL_ACCENT_COLOR_NAME = AccentColor;
				CODE_SIGN_STYLE = Automatic;
				CURRENT_PROJECT_VERSION = 1;
				DEVELOPMENT_TEAM = 75QD4ZR23L;
				GENERATE_INFOPLIST_FILE = YES;
				INFOPLIST_FILE = "Color-Picker-ProtoType/Info.plist";
				INFOPLIST_KEY_UIApplicationSupportsIndirectInputEvents = YES;
				INFOPLIST_KEY_UILaunchStoryboardName = LaunchScreen;
				INFOPLIST_KEY_UISupportedInterfaceOrientations_iPad = "UIInterfaceOrientationPortrait UIInterfaceOrientationPortraitUpsideDown UIInterfaceOrientationLandscapeLeft UIInterfaceOrientationLandscapeRight";
				INFOPLIST_KEY_UISupportedInterfaceOrientations_iPhone = "UIInterfaceOrientationPortrait UIInterfaceOrientationLandscapeLeft UIInterfaceOrientationLandscapeRight";
				LD_RUNPATH_SEARCH_PATHS = (
					"$(inherited)",
					"@executable_path/Frameworks",
				);
				MARKETING_VERSION = 1.0;
				PRODUCT_BUNDLE_IDENTIFIER = "com.ssac.Color-Picker-ProtoType";
				PRODUCT_NAME = "$(TARGET_NAME)";
				SWIFT_EMIT_LOC_STRINGS = YES;
				SWIFT_VERSION = 5.0;
				TARGETED_DEVICE_FAMILY = "1,2";
			};
			name = Debug;
		};
		04D23E3B27DB43DC0019B13C /* Release */ = {
			isa = XCBuildConfiguration;
			buildSettings = {
				ASSETCATALOG_COMPILER_APPICON_NAME = AppIcon;
				ASSETCATALOG_COMPILER_GLOBAL_ACCENT_COLOR_NAME = AccentColor;
				CODE_SIGN_STYLE = Automatic;
				CURRENT_PROJECT_VERSION = 1;
				DEVELOPMENT_TEAM = 75QD4ZR23L;
				GENERATE_INFOPLIST_FILE = YES;
				INFOPLIST_FILE = "Color-Picker-ProtoType/Info.plist";
				INFOPLIST_KEY_UIApplicationSupportsIndirectInputEvents = YES;
				INFOPLIST_KEY_UILaunchStoryboardName = LaunchScreen;
				INFOPLIST_KEY_UISupportedInterfaceOrientations_iPad = "UIInterfaceOrientationPortrait UIInterfaceOrientationPortraitUpsideDown UIInterfaceOrientationLandscapeLeft UIInterfaceOrientationLandscapeRight";
				INFOPLIST_KEY_UISupportedInterfaceOrientations_iPhone = "UIInterfaceOrientationPortrait UIInterfaceOrientationLandscapeLeft UIInterfaceOrientationLandscapeRight";
				LD_RUNPATH_SEARCH_PATHS = (
					"$(inherited)",
					"@executable_path/Frameworks",
				);
				MARKETING_VERSION = 1.0;
				PRODUCT_BUNDLE_IDENTIFIER = "com.ssac.Color-Picker-ProtoType";
				PRODUCT_NAME = "$(TARGET_NAME)";
				SWIFT_EMIT_LOC_STRINGS = YES;
				SWIFT_VERSION = 5.0;
				TARGETED_DEVICE_FAMILY = "1,2";
			};
			name = Release;
		};
		04D23E3D27DB43DC0019B13C /* Debug */ = {
			isa = XCBuildConfiguration;
			buildSettings = {
				ALWAYS_EMBED_SWIFT_STANDARD_LIBRARIES = YES;
				BUNDLE_LOADER = "$(TEST_HOST)";
				CODE_SIGN_STYLE = Automatic;
				CURRENT_PROJECT_VERSION = 1;
				DEVELOPMENT_TEAM = 75QD4ZR23L;
				GENERATE_INFOPLIST_FILE = YES;
				IPHONEOS_DEPLOYMENT_TARGET = 15.2;
				MARKETING_VERSION = 1.0;
				PRODUCT_BUNDLE_IDENTIFIER = "com.ssac.Color-Picker-ProtoTypeTests";
				PRODUCT_NAME = "$(TARGET_NAME)";
				SWIFT_EMIT_LOC_STRINGS = NO;
				SWIFT_VERSION = 5.0;
				TARGETED_DEVICE_FAMILY = "1,2";
				TEST_HOST = "$(BUILT_PRODUCTS_DIR)/Color-Picker-ProtoType.app/Color-Picker-ProtoType";
			};
			name = Debug;
		};
		04D23E3E27DB43DC0019B13C /* Release */ = {
			isa = XCBuildConfiguration;
			buildSettings = {
				ALWAYS_EMBED_SWIFT_STANDARD_LIBRARIES = YES;
				BUNDLE_LOADER = "$(TEST_HOST)";
				CODE_SIGN_STYLE = Automatic;
				CURRENT_PROJECT_VERSION = 1;
				DEVELOPMENT_TEAM = 75QD4ZR23L;
				GENERATE_INFOPLIST_FILE = YES;
				IPHONEOS_DEPLOYMENT_TARGET = 15.2;
				MARKETING_VERSION = 1.0;
				PRODUCT_BUNDLE_IDENTIFIER = "com.ssac.Color-Picker-ProtoTypeTests";
				PRODUCT_NAME = "$(TARGET_NAME)";
				SWIFT_EMIT_LOC_STRINGS = NO;
				SWIFT_VERSION = 5.0;
				TARGETED_DEVICE_FAMILY = "1,2";
				TEST_HOST = "$(BUILT_PRODUCTS_DIR)/Color-Picker-ProtoType.app/Color-Picker-ProtoType";
			};
			name = Release;
		};
		04D23E4027DB43DC0019B13C /* Debug */ = {
			isa = XCBuildConfiguration;
			buildSettings = {
				ALWAYS_EMBED_SWIFT_STANDARD_LIBRARIES = YES;
				CODE_SIGN_STYLE = Automatic;
				CURRENT_PROJECT_VERSION = 1;
				DEVELOPMENT_TEAM = 75QD4ZR23L;
				GENERATE_INFOPLIST_FILE = YES;
				MARKETING_VERSION = 1.0;
				PRODUCT_BUNDLE_IDENTIFIER = "com.ssac.Color-Picker-ProtoTypeUITests";
				PRODUCT_NAME = "$(TARGET_NAME)";
				SWIFT_EMIT_LOC_STRINGS = NO;
				SWIFT_VERSION = 5.0;
				TARGETED_DEVICE_FAMILY = "1,2";
				TEST_TARGET_NAME = "Color-Picker-ProtoType";
			};
			name = Debug;
		};
		04D23E4127DB43DC0019B13C /* Release */ = {
			isa = XCBuildConfiguration;
			buildSettings = {
				ALWAYS_EMBED_SWIFT_STANDARD_LIBRARIES = YES;
				CODE_SIGN_STYLE = Automatic;
				CURRENT_PROJECT_VERSION = 1;
				DEVELOPMENT_TEAM = 75QD4ZR23L;
				GENERATE_INFOPLIST_FILE = YES;
				MARKETING_VERSION = 1.0;
				PRODUCT_BUNDLE_IDENTIFIER = "com.ssac.Color-Picker-ProtoTypeUITests";
				PRODUCT_NAME = "$(TARGET_NAME)";
				SWIFT_EMIT_LOC_STRINGS = NO;
				SWIFT_VERSION = 5.0;
				TARGETED_DEVICE_FAMILY = "1,2";
				TEST_TARGET_NAME = "Color-Picker-ProtoType";
			};
			name = Release;
		};
/* End XCBuildConfiguration section */

/* Begin XCConfigurationList section */
		04D23E0A27DB43D90019B13C /* Build configuration list for PBXProject "Color-Picker-ProtoType" */ = {
			isa = XCConfigurationList;
			buildConfigurations = (
				04D23E3727DB43DC0019B13C /* Debug */,
				04D23E3827DB43DC0019B13C /* Release */,
			);
			defaultConfigurationIsVisible = 0;
			defaultConfigurationName = Release;
		};
		04D23E3927DB43DC0019B13C /* Build configuration list for PBXNativeTarget "Color-Picker-ProtoType" */ = {
			isa = XCConfigurationList;
			buildConfigurations = (
				04D23E3A27DB43DC0019B13C /* Debug */,
				04D23E3B27DB43DC0019B13C /* Release */,
			);
			defaultConfigurationIsVisible = 0;
			defaultConfigurationName = Release;
		};
		04D23E3C27DB43DC0019B13C /* Build configuration list for PBXNativeTarget "Color-Picker-ProtoTypeTests" */ = {
			isa = XCConfigurationList;
			buildConfigurations = (
				04D23E3D27DB43DC0019B13C /* Debug */,
				04D23E3E27DB43DC0019B13C /* Release */,
			);
			defaultConfigurationIsVisible = 0;
			defaultConfigurationName = Release;
		};
		04D23E3F27DB43DC0019B13C /* Build configuration list for PBXNativeTarget "Color-Picker-ProtoTypeUITests" */ = {
			isa = XCConfigurationList;
			buildConfigurations = (
				04D23E4027DB43DC0019B13C /* Debug */,
				04D23E4127DB43DC0019B13C /* Release */,
			);
			defaultConfigurationIsVisible = 0;
			defaultConfigurationName = Release;
		};
/* End XCConfigurationList section */

/* Begin XCRemoteSwiftPackageReference section */
		04D23E5F27DB4FF80019B13C /* XCRemoteSwiftPackageReference "SnapKit" */ = {
			isa = XCRemoteSwiftPackageReference;
			repositoryURL = "https://github.com/SnapKit/SnapKit";
			requirement = {
				kind = upToNextMajorVersion;
				minimumVersion = 5.0.0;
			};
		};
/* End XCRemoteSwiftPackageReference section */

/* Begin XCSwiftPackageProductDependency section */
		04D23E6027DB4FF80019B13C /* SnapKit */ = {
			isa = XCSwiftPackageProductDependency;
			package = 04D23E5F27DB4FF80019B13C /* XCRemoteSwiftPackageReference "SnapKit" */;
			productName = SnapKit;
		};
/* End XCSwiftPackageProductDependency section */
	};
	rootObject = 04D23E0727DB43D90019B13C /* Project object */;
}
